// !$*UTF8*$!
{
	archiveVersion = 1;
	classes = {
	};
	objectVersion = 56;
	objects = {

/* Begin PBXBuildFile section */
		5039D3772B252812002F5FE4 /* day9.swift in Sources */ = {isa = PBXBuildFile; fileRef = 5039D3762B252812002F5FE4 /* day9.swift */; };
		5039D37B2B258640002F5FE4 /* day10.swift in Sources */ = {isa = PBXBuildFile; fileRef = 5039D37A2B258640002F5FE4 /* day10.swift */; };
		50473E102B26D11C00F15293 /* day11.swift in Sources */ = {isa = PBXBuildFile; fileRef = 50473E0F2B26D11C00F15293 /* day11.swift */; };
		50473E142B28212100F15293 /* day12.swift in Sources */ = {isa = PBXBuildFile; fileRef = 50473E132B28212100F15293 /* day12.swift */; };
		50473E182B2D332F00F15293 /* day13.swift in Sources */ = {isa = PBXBuildFile; fileRef = 50473E172B2D332F00F15293 /* day13.swift */; };
		504AE99D2B1D73600075B140 /* day4.swift in Sources */ = {isa = PBXBuildFile; fileRef = 504AE99C2B1D73600075B140 /* day4.swift */; };
		504AE9A12B1EC2EE0075B140 /* day5.swift in Sources */ = {isa = PBXBuildFile; fileRef = 504AE9A02B1EC2EE0075B140 /* day5.swift */; };
		504AE9A52B2043DE0075B140 /* day6.swift in Sources */ = {isa = PBXBuildFile; fileRef = 504AE9A42B2043DE0075B140 /* day6.swift */; };
		504AE9A92B22BD650075B140 /* day7.swift in Sources */ = {isa = PBXBuildFile; fileRef = 504AE9A82B22BD650075B140 /* day7.swift */; };
		504AE9AD2B22D8DC0075B140 /* day8.swift in Sources */ = {isa = PBXBuildFile; fileRef = 504AE9AC2B22D8DC0075B140 /* day8.swift */; };
		507D4D8C2B310A48008100E5 /* day17.swift in Sources */ = {isa = PBXBuildFile; fileRef = 507D4D8B2B310A48008100E5 /* day17.swift */; };
		50AF41FA2B3234B10049C698 /* day14.swift in Sources */ = {isa = PBXBuildFile; fileRef = 50AF41F92B3234B10049C698 /* day14.swift */; };
		50AF41FE2B3250380049C698 /* day18.swift in Sources */ = {isa = PBXBuildFile; fileRef = 50AF41FD2B3250380049C698 /* day18.swift */; };
		50C6AC012B19887C005E90FD /* main.swift in Sources */ = {isa = PBXBuildFile; fileRef = 50C6AC002B19887C005E90FD /* main.swift */; };
		50C6AC082B1988F6005E90FD /* day1.swift in Sources */ = {isa = PBXBuildFile; fileRef = 50C6AC072B1988F6005E90FD /* day1.swift */; };
		50C6AC0D2B19A7BA005E90FD /* day2.swift in Sources */ = {isa = PBXBuildFile; fileRef = 50C6AC0C2B19A7BA005E90FD /* day2.swift */; };
		50C70ED82B1AF228007B8C9E /* day3.swift in Sources */ = {isa = PBXBuildFile; fileRef = 50C70ED72B1AF228007B8C9E /* day3.swift */; };
		50C830B52B2FF2AC00890EF4 /* day15.swift in Sources */ = {isa = PBXBuildFile; fileRef = 50C830B42B2FF2AC00890EF4 /* day15.swift */; };
		50C830B92B30011C00890EF4 /* day16.swift in Sources */ = {isa = PBXBuildFile; fileRef = 50C830B82B30011C00890EF4 /* day16.swift */; };
/* End PBXBuildFile section */

/* Begin PBXCopyFilesBuildPhase section */
		50C6ABFB2B19887C005E90FD /* CopyFiles */ = {
			isa = PBXCopyFilesBuildPhase;
			buildActionMask = 2147483647;
			dstPath = /usr/share/man/man1/;
			dstSubfolderSpec = 0;
			files = (
			);
			runOnlyForDeploymentPostprocessing = 1;
		};
/* End PBXCopyFilesBuildPhase section */

/* Begin PBXFileReference section */
		5039D3762B252812002F5FE4 /* day9.swift */ = {isa = PBXFileReference; lastKnownFileType = sourcecode.swift; path = day9.swift; sourceTree = "<group>"; };
		5039D3782B252819002F5FE4 /* input */ = {isa = PBXFileReference; lastKnownFileType = text; path = input; sourceTree = "<group>"; };
		5039D37A2B258640002F5FE4 /* day10.swift */ = {isa = PBXFileReference; lastKnownFileType = sourcecode.swift; path = day10.swift; sourceTree = "<group>"; };
		5039D37C2B258645002F5FE4 /* input */ = {isa = PBXFileReference; lastKnownFileType = text; path = input; sourceTree = "<group>"; };
		50473E0F2B26D11C00F15293 /* day11.swift */ = {isa = PBXFileReference; lastKnownFileType = sourcecode.swift; path = day11.swift; sourceTree = "<group>"; };
		50473E112B26D12300F15293 /* input */ = {isa = PBXFileReference; lastKnownFileType = text; path = input; sourceTree = "<group>"; };
		50473E132B28212100F15293 /* day12.swift */ = {isa = PBXFileReference; lastKnownFileType = sourcecode.swift; path = day12.swift; sourceTree = "<group>"; };
		50473E152B28212800F15293 /* input */ = {isa = PBXFileReference; lastKnownFileType = text; path = input; sourceTree = "<group>"; };
		50473E172B2D332F00F15293 /* day13.swift */ = {isa = PBXFileReference; lastKnownFileType = sourcecode.swift; path = day13.swift; sourceTree = "<group>"; };
		50473E192B2D336B00F15293 /* input */ = {isa = PBXFileReference; lastKnownFileType = text; path = input; sourceTree = "<group>"; };
		504AE99C2B1D73600075B140 /* day4.swift */ = {isa = PBXFileReference; lastKnownFileType = sourcecode.swift; path = day4.swift; sourceTree = "<group>"; };
		504AE99E2B1D73680075B140 /* input */ = {isa = PBXFileReference; lastKnownFileType = text; path = input; sourceTree = "<group>"; };
		504AE9A02B1EC2EE0075B140 /* day5.swift */ = {isa = PBXFileReference; lastKnownFileType = sourcecode.swift; path = day5.swift; sourceTree = "<group>"; };
		504AE9A22B1EC2F50075B140 /* input */ = {isa = PBXFileReference; lastKnownFileType = text; path = input; sourceTree = "<group>"; };
		504AE9A42B2043DE0075B140 /* day6.swift */ = {isa = PBXFileReference; lastKnownFileType = sourcecode.swift; path = day6.swift; sourceTree = "<group>"; };
		504AE9A62B2043E30075B140 /* input */ = {isa = PBXFileReference; lastKnownFileType = text; path = input; sourceTree = "<group>"; };
		504AE9A82B22BD650075B140 /* day7.swift */ = {isa = PBXFileReference; lastKnownFileType = sourcecode.swift; path = day7.swift; sourceTree = "<group>"; };
		504AE9AA2B22BD720075B140 /* input */ = {isa = PBXFileReference; lastKnownFileType = text; path = input; sourceTree = "<group>"; };
		504AE9AC2B22D8DC0075B140 /* day8.swift */ = {isa = PBXFileReference; lastKnownFileType = sourcecode.swift; path = day8.swift; sourceTree = "<group>"; };
		504AE9AE2B22D8E20075B140 /* input */ = {isa = PBXFileReference; lastKnownFileType = text; path = input; sourceTree = "<group>"; };
		5054E8BC2B1C435A002A7A0F /* Input */ = {isa = PBXFileReference; lastKnownFileType = text; path = Input; sourceTree = "<group>"; wrapsLines = 0; };
		507D4D8B2B310A48008100E5 /* day17.swift */ = {isa = PBXFileReference; lastKnownFileType = sourcecode.swift; path = day17.swift; sourceTree = "<group>"; };
		507D4D8D2B310A4E008100E5 /* input */ = {isa = PBXFileReference; lastKnownFileType = text; path = input; sourceTree = "<group>"; };
		50AF41F92B3234B10049C698 /* day14.swift */ = {isa = PBXFileReference; lastKnownFileType = sourcecode.swift; path = day14.swift; sourceTree = "<group>"; };
		50AF41FB2B3234BA0049C698 /* input */ = {isa = PBXFileReference; lastKnownFileType = text; path = input; sourceTree = "<group>"; };
		50AF41FD2B3250380049C698 /* day18.swift */ = {isa = PBXFileReference; lastKnownFileType = sourcecode.swift; path = day18.swift; sourceTree = "<group>"; };
		50AF41FF2B32503D0049C698 /* input */ = {isa = PBXFileReference; lastKnownFileType = text; path = input; sourceTree = "<group>"; };
		50C6ABFD2B19887C005E90FD /* AoC2023 */ = {isa = PBXFileReference; explicitFileType = "compiled.mach-o.executable"; includeInIndex = 0; path = AoC2023; sourceTree = BUILT_PRODUCTS_DIR; };
		50C6AC002B19887C005E90FD /* main.swift */ = {isa = PBXFileReference; lastKnownFileType = sourcecode.swift; path = main.swift; sourceTree = "<group>"; };
		50C6AC072B1988F6005E90FD /* day1.swift */ = {isa = PBXFileReference; lastKnownFileType = sourcecode.swift; path = day1.swift; sourceTree = "<group>"; };
		50C6AC0A2B1989BC005E90FD /* input */ = {isa = PBXFileReference; lastKnownFileType = text; path = input; sourceTree = "<group>"; };
		50C6AC0C2B19A7BA005E90FD /* day2.swift */ = {isa = PBXFileReference; lastKnownFileType = sourcecode.swift; path = day2.swift; sourceTree = "<group>"; };
		50C6AC0E2B19A7C6005E90FD /* input */ = {isa = PBXFileReference; lastKnownFileType = text; path = input; sourceTree = "<group>"; };
		50C70ED72B1AF228007B8C9E /* day3.swift */ = {isa = PBXFileReference; lastKnownFileType = sourcecode.swift; path = day3.swift; sourceTree = "<group>"; wrapsLines = 1; };
		50C830B42B2FF2AC00890EF4 /* day15.swift */ = {isa = PBXFileReference; lastKnownFileType = sourcecode.swift; path = day15.swift; sourceTree = "<group>"; };
		50C830B62B2FF2B200890EF4 /* input */ = {isa = PBXFileReference; lastKnownFileType = text; path = input; sourceTree = "<group>"; };
		50C830B82B30011C00890EF4 /* day16.swift */ = {isa = PBXFileReference; lastKnownFileType = sourcecode.swift; path = day16.swift; sourceTree = "<group>"; };
		50C830BA2B30012400890EF4 /* input */ = {isa = PBXFileReference; lastKnownFileType = text; path = input; sourceTree = "<group>"; };
/* End PBXFileReference section */

/* Begin PBXFrameworksBuildPhase section */
		50C6ABFA2B19887C005E90FD /* Frameworks */ = {
			isa = PBXFrameworksBuildPhase;
			buildActionMask = 2147483647;
			files = (
			);
			runOnlyForDeploymentPostprocessing = 0;
		};
/* End PBXFrameworksBuildPhase section */

/* Begin PBXGroup section */
		5039D3752B2527FD002F5FE4 /* Day9 */ = {
			isa = PBXGroup;
			children = (
				5039D3762B252812002F5FE4 /* day9.swift */,
				5039D3782B252819002F5FE4 /* input */,
			);
			path = Day9;
			sourceTree = "<group>";
		};
		5039D3792B2585AE002F5FE4 /* Day10 */ = {
			isa = PBXGroup;
			children = (
				5039D37A2B258640002F5FE4 /* day10.swift */,
				5039D37C2B258645002F5FE4 /* input */,
			);
			path = Day10;
			sourceTree = "<group>";
		};
		50473E0E2B26D0FB00F15293 /* Day11 */ = {
			isa = PBXGroup;
			children = (
				50473E0F2B26D11C00F15293 /* day11.swift */,
				50473E112B26D12300F15293 /* input */,
			);
			path = Day11;
			sourceTree = "<group>";
		};
		50473E122B28211500F15293 /* Day12 */ = {
			isa = PBXGroup;
			children = (
				50473E132B28212100F15293 /* day12.swift */,
				50473E152B28212800F15293 /* input */,
			);
			path = Day12;
			sourceTree = "<group>";
		};
		50473E162B2D332300F15293 /* Day13 */ = {
			isa = PBXGroup;
			children = (
				50473E172B2D332F00F15293 /* day13.swift */,
				50473E192B2D336B00F15293 /* input */,
			);
			path = Day13;
			sourceTree = "<group>";
		};
		504AE99B2B1D73220075B140 /* Day4 */ = {
			isa = PBXGroup;
			children = (
				504AE99C2B1D73600075B140 /* day4.swift */,
				504AE99E2B1D73680075B140 /* input */,
			);
			path = Day4;
			sourceTree = "<group>";
		};
		504AE99F2B1EC2DB0075B140 /* Day5 */ = {
			isa = PBXGroup;
			children = (
				504AE9A02B1EC2EE0075B140 /* day5.swift */,
				504AE9A22B1EC2F50075B140 /* input */,
			);
			path = Day5;
			sourceTree = "<group>";
		};
		504AE9A32B2043D40075B140 /* Day6 */ = {
			isa = PBXGroup;
			children = (
				504AE9A42B2043DE0075B140 /* day6.swift */,
				504AE9A62B2043E30075B140 /* input */,
			);
			path = Day6;
			sourceTree = "<group>";
		};
		504AE9A72B22BD540075B140 /* Day7 */ = {
			isa = PBXGroup;
			children = (
				504AE9A82B22BD650075B140 /* day7.swift */,
				504AE9AA2B22BD720075B140 /* input */,
			);
			path = Day7;
			sourceTree = "<group>";
		};
		504AE9AB2B22D8CF0075B140 /* Day8 */ = {
			isa = PBXGroup;
			children = (
				504AE9AC2B22D8DC0075B140 /* day8.swift */,
				504AE9AE2B22D8E20075B140 /* input */,
			);
			path = Day8;
			sourceTree = "<group>";
		};
		507D4D8A2B310A3D008100E5 /* Day17 */ = {
			isa = PBXGroup;
			children = (
				507D4D8B2B310A48008100E5 /* day17.swift */,
				507D4D8D2B310A4E008100E5 /* input */,
			);
			path = Day17;
			sourceTree = "<group>";
		};
		50AF41F82B3234A60049C698 /* Day14 */ = {
			isa = PBXGroup;
			children = (
				50AF41F92B3234B10049C698 /* day14.swift */,
				50AF41FB2B3234BA0049C698 /* input */,
			);
			path = Day14;
			sourceTree = "<group>";
		};
		50AF41FC2B3250290049C698 /* Day18 */ = {
			isa = PBXGroup;
			children = (
				50AF41FD2B3250380049C698 /* day18.swift */,
				50AF41FF2B32503D0049C698 /* input */,
			);
			path = Day18;
			sourceTree = "<group>";
		};
		50C6ABF42B19887C005E90FD = {
			isa = PBXGroup;
			children = (
				50C6ABFF2B19887C005E90FD /* AoC2023 */,
				50C6ABFE2B19887C005E90FD /* Products */,
			);
			sourceTree = "<group>";
		};
		50C6ABFE2B19887C005E90FD /* Products */ = {
			isa = PBXGroup;
			children = (
				50C6ABFD2B19887C005E90FD /* AoC2023 */,
			);
			name = Products;
			sourceTree = "<group>";
		};
		50C6ABFF2B19887C005E90FD /* AoC2023 */ = {
			isa = PBXGroup;
			children = (
				50C6AC002B19887C005E90FD /* main.swift */,
				50C6AC092B1988FE005E90FD /* Day1 */,
				50C6AC0B2B19A7AA005E90FD /* Day2 */,
				50C70ED62B1AF220007B8C9E /* Day3 */,
				504AE99B2B1D73220075B140 /* Day4 */,
				504AE99F2B1EC2DB0075B140 /* Day5 */,
				504AE9A32B2043D40075B140 /* Day6 */,
				504AE9A72B22BD540075B140 /* Day7 */,
				504AE9AB2B22D8CF0075B140 /* Day8 */,
				5039D3752B2527FD002F5FE4 /* Day9 */,
				5039D3792B2585AE002F5FE4 /* Day10 */,
				50473E0E2B26D0FB00F15293 /* Day11 */,
				50473E122B28211500F15293 /* Day12 */,
				50473E162B2D332300F15293 /* Day13 */,
				50AF41F82B3234A60049C698 /* Day14 */,
				50C830B32B2FF28C00890EF4 /* Day15 */,
				50C830B72B30010800890EF4 /* Day16 */,
				507D4D8A2B310A3D008100E5 /* Day17 */,
				50AF41FC2B3250290049C698 /* Day18 */,
			);
			path = AoC2023;
			sourceTree = "<group>";
		};
		50C6AC092B1988FE005E90FD /* Day1 */ = {
			isa = PBXGroup;
			children = (
				50C6AC072B1988F6005E90FD /* day1.swift */,
				50C6AC0A2B1989BC005E90FD /* input */,
			);
			path = Day1;
			sourceTree = "<group>";
		};
		50C6AC0B2B19A7AA005E90FD /* Day2 */ = {
			isa = PBXGroup;
			children = (
				50C6AC0C2B19A7BA005E90FD /* day2.swift */,
				50C6AC0E2B19A7C6005E90FD /* input */,
			);
			path = Day2;
			sourceTree = "<group>";
		};
		50C70ED62B1AF220007B8C9E /* Day3 */ = {
			isa = PBXGroup;
			children = (
				50C70ED72B1AF228007B8C9E /* day3.swift */,
				5054E8BC2B1C435A002A7A0F /* Input */,
			);
			path = Day3;
			sourceTree = "<group>";
		};
		50C830B32B2FF28C00890EF4 /* Day15 */ = {
			isa = PBXGroup;
			children = (
				50C830B42B2FF2AC00890EF4 /* day15.swift */,
				50C830B62B2FF2B200890EF4 /* input */,
			);
			path = Day15;
			sourceTree = "<group>";
		};
		50C830B72B30010800890EF4 /* Day16 */ = {
			isa = PBXGroup;
			children = (
				50C830B82B30011C00890EF4 /* day16.swift */,
				50C830BA2B30012400890EF4 /* input */,
			);
			path = Day16;
			sourceTree = "<group>";
		};
/* End PBXGroup section */

/* Begin PBXNativeTarget section */
		50C6ABFC2B19887C005E90FD /* AoC2023 */ = {
			isa = PBXNativeTarget;
			buildConfigurationList = 50C6AC042B19887C005E90FD /* Build configuration list for PBXNativeTarget "AoC2023" */;
			buildPhases = (
				50C6ABF92B19887C005E90FD /* Sources */,
				50C6ABFA2B19887C005E90FD /* Frameworks */,
				50C6ABFB2B19887C005E90FD /* CopyFiles */,
			);
			buildRules = (
			);
			dependencies = (
			);
			name = AoC2023;
			productName = AoC2023;
			productReference = 50C6ABFD2B19887C005E90FD /* AoC2023 */;
			productType = "com.apple.product-type.tool";
		};
/* End PBXNativeTarget section */

/* Begin PBXProject section */
		50C6ABF52B19887C005E90FD /* Project object */ = {
			isa = PBXProject;
			attributes = {
				BuildIndependentTargetsInParallel = 1;
				LastSwiftUpdateCheck = 1410;
				LastUpgradeCheck = 1510;
				TargetAttributes = {
					50C6ABFC2B19887C005E90FD = {
						CreatedOnToolsVersion = 14.1;
					};
				};
			};
			buildConfigurationList = 50C6ABF82B19887C005E90FD /* Build configuration list for PBXProject "AoC2023" */;
			compatibilityVersion = "Xcode 14.0";
			developmentRegion = en;
			hasScannedForEncodings = 0;
			knownRegions = (
				en,
				Base,
			);
			mainGroup = 50C6ABF42B19887C005E90FD;
			productRefGroup = 50C6ABFE2B19887C005E90FD /* Products */;
			projectDirPath = "";
			projectRoot = "";
			targets = (
				50C6ABFC2B19887C005E90FD /* AoC2023 */,
			);
		};
/* End PBXProject section */

/* Begin PBXSourcesBuildPhase section */
		50C6ABF92B19887C005E90FD /* Sources */ = {
			isa = PBXSourcesBuildPhase;
			buildActionMask = 2147483647;
			files = (
				50C6AC082B1988F6005E90FD /* day1.swift in Sources */,
				50C6AC0D2B19A7BA005E90FD /* day2.swift in Sources */,
				50473E102B26D11C00F15293 /* day11.swift in Sources */,
				507D4D8C2B310A48008100E5 /* day17.swift in Sources */,
				504AE9A92B22BD650075B140 /* day7.swift in Sources */,
				50C70ED82B1AF228007B8C9E /* day3.swift in Sources */,
				504AE9A52B2043DE0075B140 /* day6.swift in Sources */,
				50AF41FE2B3250380049C698 /* day18.swift in Sources */,
				504AE99D2B1D73600075B140 /* day4.swift in Sources */,
				50473E142B28212100F15293 /* day12.swift in Sources */,
				504AE9A12B1EC2EE0075B140 /* day5.swift in Sources */,
				5039D37B2B258640002F5FE4 /* day10.swift in Sources */,
				504AE9AD2B22D8DC0075B140 /* day8.swift in Sources */,
				50C830B92B30011C00890EF4 /* day16.swift in Sources */,
				5039D3772B252812002F5FE4 /* day9.swift in Sources */,
				50473E182B2D332F00F15293 /* day13.swift in Sources */,
				50C6AC012B19887C005E90FD /* main.swift in Sources */,
				50C830B52B2FF2AC00890EF4 /* day15.swift in Sources */,
				50AF41FA2B3234B10049C698 /* day14.swift in Sources */,
			);
			runOnlyForDeploymentPostprocessing = 0;
		};
/* End PBXSourcesBuildPhase section */

/* Begin XCBuildConfiguration section */
		50C6AC022B19887C005E90FD /* Debug */ = {
			isa = XCBuildConfiguration;
			buildSettings = {
				ALWAYS_SEARCH_USER_PATHS = NO;
				ASSETCATALOG_COMPILER_GENERATE_SWIFT_ASSET_SYMBOL_EXTENSIONS = YES;
				CLANG_ANALYZER_NONNULL = YES;
				CLANG_ANALYZER_NUMBER_OBJECT_CONVERSION = YES_AGGRESSIVE;
				CLANG_CXX_LANGUAGE_STANDARD = "gnu++20";
				CLANG_ENABLE_MODULES = YES;
				CLANG_ENABLE_OBJC_ARC = YES;
				CLANG_ENABLE_OBJC_WEAK = YES;
				CLANG_WARN_BLOCK_CAPTURE_AUTORELEASING = YES;
				CLANG_WARN_BOOL_CONVERSION = YES;
				CLANG_WARN_COMMA = YES;
				CLANG_WARN_CONSTANT_CONVERSION = YES;
				CLANG_WARN_DEPRECATED_OBJC_IMPLEMENTATIONS = YES;
				CLANG_WARN_DIRECT_OBJC_ISA_USAGE = YES_ERROR;
				CLANG_WARN_DOCUMENTATION_COMMENTS = YES;
				CLANG_WARN_EMPTY_BODY = YES;
				CLANG_WARN_ENUM_CONVERSION = YES;
				CLANG_WARN_INFINITE_RECURSION = YES;
				CLANG_WARN_INT_CONVERSION = YES;
				CLANG_WARN_NON_LITERAL_NULL_CONVERSION = YES;
				CLANG_WARN_OBJC_IMPLICIT_RETAIN_SELF = YES;
				CLANG_WARN_OBJC_LITERAL_CONVERSION = YES;
				CLANG_WARN_OBJC_ROOT_CLASS = YES_ERROR;
				CLANG_WARN_QUOTED_INCLUDE_IN_FRAMEWORK_HEADER = YES;
				CLANG_WARN_RANGE_LOOP_ANALYSIS = YES;
				CLANG_WARN_STRICT_PROTOTYPES = YES;
				CLANG_WARN_SUSPICIOUS_MOVE = YES;
				CLANG_WARN_UNGUARDED_AVAILABILITY = YES_AGGRESSIVE;
				CLANG_WARN_UNREACHABLE_CODE = YES;
				CLANG_WARN__DUPLICATE_METHOD_MATCH = YES;
				COPY_PHASE_STRIP = NO;
				DEAD_CODE_STRIPPING = YES;
				DEBUG_INFORMATION_FORMAT = dwarf;
				ENABLE_STRICT_OBJC_MSGSEND = YES;
				ENABLE_TESTABILITY = YES;
				ENABLE_USER_SCRIPT_SANDBOXING = YES;
				GCC_C_LANGUAGE_STANDARD = gnu11;
				GCC_DYNAMIC_NO_PIC = NO;
				GCC_NO_COMMON_BLOCKS = YES;
				GCC_OPTIMIZATION_LEVEL = 0;
				GCC_PREPROCESSOR_DEFINITIONS = (
					"DEBUG=1",
					"$(inherited)",
				);
				GCC_WARN_64_TO_32_BIT_CONVERSION = YES;
				GCC_WARN_ABOUT_RETURN_TYPE = YES_ERROR;
				GCC_WARN_UNDECLARED_SELECTOR = YES;
				GCC_WARN_UNINITIALIZED_AUTOS = YES_AGGRESSIVE;
				GCC_WARN_UNUSED_FUNCTION = YES;
				GCC_WARN_UNUSED_VARIABLE = YES;
				MACOSX_DEPLOYMENT_TARGET = 12.6;
				MTL_ENABLE_DEBUG_INFO = INCLUDE_SOURCE;
				MTL_FAST_MATH = YES;
				ONLY_ACTIVE_ARCH = YES;
				SDKROOT = macosx;
				SWIFT_ACTIVE_COMPILATION_CONDITIONS = DEBUG;
				SWIFT_OPTIMIZATION_LEVEL = "-Onone";
			};
			name = Debug;
		};
		50C6AC032B19887C005E90FD /* Release */ = {
			isa = XCBuildConfiguration;
			buildSettings = {
				ALWAYS_SEARCH_USER_PATHS = NO;
				ASSETCATALOG_COMPILER_GENERATE_SWIFT_ASSET_SYMBOL_EXTENSIONS = YES;
				CLANG_ANALYZER_NONNULL = YES;
				CLANG_ANALYZER_NUMBER_OBJECT_CONVERSION = YES_AGGRESSIVE;
				CLANG_CXX_LANGUAGE_STANDARD = "gnu++20";
				CLANG_ENABLE_MODULES = YES;
				CLANG_ENABLE_OBJC_ARC = YES;
				CLANG_ENABLE_OBJC_WEAK = YES;
				CLANG_WARN_BLOCK_CAPTURE_AUTORELEASING = YES;
				CLANG_WARN_BOOL_CONVERSION = YES;
				CLANG_WARN_COMMA = YES;
				CLANG_WARN_CONSTANT_CONVERSION = YES;
				CLANG_WARN_DEPRECATED_OBJC_IMPLEMENTATIONS = YES;
				CLANG_WARN_DIRECT_OBJC_ISA_USAGE = YES_ERROR;
				CLANG_WARN_DOCUMENTATION_COMMENTS = YES;
				CLANG_WARN_EMPTY_BODY = YES;
				CLANG_WARN_ENUM_CONVERSION = YES;
				CLANG_WARN_INFINITE_RECURSION = YES;
				CLANG_WARN_INT_CONVERSION = YES;
				CLANG_WARN_NON_LITERAL_NULL_CONVERSION = YES;
				CLANG_WARN_OBJC_IMPLICIT_RETAIN_SELF = YES;
				CLANG_WARN_OBJC_LITERAL_CONVERSION = YES;
				CLANG_WARN_OBJC_ROOT_CLASS = YES_ERROR;
				CLANG_WARN_QUOTED_INCLUDE_IN_FRAMEWORK_HEADER = YES;
				CLANG_WARN_RANGE_LOOP_ANALYSIS = YES;
				CLANG_WARN_STRICT_PROTOTYPES = YES;
				CLANG_WARN_SUSPICIOUS_MOVE = YES;
				CLANG_WARN_UNGUARDED_AVAILABILITY = YES_AGGRESSIVE;
				CLANG_WARN_UNREACHABLE_CODE = YES;
				CLANG_WARN__DUPLICATE_METHOD_MATCH = YES;
				COPY_PHASE_STRIP = NO;
				DEAD_CODE_STRIPPING = YES;
				DEBUG_INFORMATION_FORMAT = "dwarf-with-dsym";
				ENABLE_NS_ASSERTIONS = NO;
				ENABLE_STRICT_OBJC_MSGSEND = YES;
				ENABLE_USER_SCRIPT_SANDBOXING = YES;
				GCC_C_LANGUAGE_STANDARD = gnu11;
				GCC_NO_COMMON_BLOCKS = YES;
				GCC_WARN_64_TO_32_BIT_CONVERSION = YES;
				GCC_WARN_ABOUT_RETURN_TYPE = YES_ERROR;
				GCC_WARN_UNDECLARED_SELECTOR = YES;
				GCC_WARN_UNINITIALIZED_AUTOS = YES_AGGRESSIVE;
				GCC_WARN_UNUSED_FUNCTION = YES;
				GCC_WARN_UNUSED_VARIABLE = YES;
				MACOSX_DEPLOYMENT_TARGET = 12.6;
				MTL_ENABLE_DEBUG_INFO = NO;
				MTL_FAST_MATH = YES;
				SDKROOT = macosx;
				SWIFT_COMPILATION_MODE = wholemodule;
				SWIFT_OPTIMIZATION_LEVEL = "-O";
			};
			name = Release;
		};
		50C6AC052B19887C005E90FD /* Debug */ = {
			isa = XCBuildConfiguration;
			buildSettings = {
				CODE_SIGN_STYLE = Automatic;
				DEAD_CODE_STRIPPING = YES;
				DEVELOPMENT_TEAM = EWK7R2Q86X;
				ENABLE_HARDENED_RUNTIME = YES;
				MACOSX_DEPLOYMENT_TARGET = 14.0;
				PRODUCT_NAME = "$(TARGET_NAME)";
				SWIFT_VERSION = 5.0;
			};
			name = Debug;
		};
		50C6AC062B19887C005E90FD /* Release */ = {
			isa = XCBuildConfiguration;
			buildSettings = {
				CODE_SIGN_STYLE = Automatic;
				DEAD_CODE_STRIPPING = YES;
				DEVELOPMENT_TEAM = EWK7R2Q86X;
				ENABLE_HARDENED_RUNTIME = YES;
				MACOSX_DEPLOYMENT_TARGET = 14.0;
				PRODUCT_NAME = "$(TARGET_NAME)";
				SWIFT_VERSION = 5.0;
			};
			name = Release;
		};
/* End XCBuildConfiguration section */

/* Begin XCConfigurationList section */
		50C6ABF82B19887C005E90FD /* Build configuration list for PBXProject "AoC2023" */ = {
			isa = XCConfigurationList;
			buildConfigurations = (
				50C6AC022B19887C005E90FD /* Debug */,
				50C6AC032B19887C005E90FD /* Release */,
			);
			defaultConfigurationIsVisible = 0;
			defaultConfigurationName = Release;
		};
		50C6AC042B19887C005E90FD /* Build configuration list for PBXNativeTarget "AoC2023" */ = {
			isa = XCConfigurationList;
			buildConfigurations = (
				50C6AC052B19887C005E90FD /* Debug */,
				50C6AC062B19887C005E90FD /* Release */,
			);
			defaultConfigurationIsVisible = 0;
			defaultConfigurationName = Release;
		};
/* End XCConfigurationList section */
	};
	rootObject = 50C6ABF52B19887C005E90FD /* Project object */;
}
